Microsoft Visual Studio Solution File, Format Version 12.00
# Visual Studio Version 17
VisualStudioVersion = 17.5.2.0
MinimumVisualStudioVersion = 10.0.40219.1
Project("{FAE04EC0-301F-11D3-BF4B-00C04F79EFBC}") = "DataStax.AstraDB.DataApi.UnitTests", "DataStax.AstraDB.DataApi.UnitTests.csproj", "{9C72D42B-E75F-50CC-063C-AA57C623CDB5}"
EndProject
Global
	GlobalSection(SolutionConfigurationPlatforms) = preSolution
		Debug|Any CPU = Debug|Any CPU
		Release|Any CPU = Release|Any CPU
	EndGlobalSection
	GlobalSection(ProjectConfigurationPlatforms) = postSolution
		{9C72D42B-E75F-50CC-063C-AA57C623CDB5}.Debug|Any CPU.ActiveCfg = Debug|Any CPU
		{9C72D42B-E75F-50CC-063C-AA57C623CDB5}.Debug|Any CPU.Build.0 = Debug|Any CPU
		{9C72D42B-E75F-50CC-063C-AA57C623CDB5}.Release|Any CPU.ActiveCfg = Release|Any CPU
		{9C72D42B-E75F-50CC-063C-AA57C623CDB5}.Release|Any CPU.Build.0 = Release|Any CPU
	EndGlobalSection
	GlobalSection(SolutionProperties) = preSolution
		HideSolutionNode = FALSE
	EndGlobalSection
	GlobalSection(ExtensibilityGlobals) = postSolution
		SolutionGuid = {74079B0A-F82B-4150-8C01-CE4659A683BB}
	EndGlobalSection
EndGlobal
