
Microsoft Visual Studio Solution File, Format Version 12.00
# Visual Studio Version 17
VisualStudioVersion = 17.5.002.0
MinimumVisualStudioVersion = 10.0.40219.1
Project("{9A19103F-16F7-4668-BE54-9A1E7A4F7556}") = "DataStax.AstraDB.DataAPI", "..\..\src\DataStax.AstraDB.DataAPI\DataStax.AstraDB.DataAPI.csproj", "{30EF7271-2FD9-4DE9-ACD8-92CEA34AB4F4}"
EndProject
Project("{FAE04EC0-301F-11D3-BF4B-00C04F79EFBC}") = "DataStax.AstraDB.DataAPI.IntegrationTests", "DataStax.AstraDB.DataAPI.IntegrationTests.csproj", "{72697353-C16D-4C53-BD65-0231BCEB970E}"
EndProject
Global
	GlobalSection(SolutionConfigurationPlatforms) = preSolution
		Debug|Any CPU = Debug|Any CPU
		Release|Any CPU = Release|Any CPU
	EndGlobalSection
	GlobalSection(ProjectConfigurationPlatforms) = postSolution
		{30EF7271-2FD9-4DE9-ACD8-92CEA34AB4F4}.Debug|Any CPU.ActiveCfg = Debug|Any CPU
		{30EF7271-2FD9-4DE9-ACD8-92CEA34AB4F4}.Debug|Any CPU.Build.0 = Debug|Any CPU
		{30EF7271-2FD9-4DE9-ACD8-92CEA34AB4F4}.Release|Any CPU.ActiveCfg = Release|Any CPU
		{30EF7271-2FD9-4DE9-ACD8-92CEA34AB4F4}.Release|Any CPU.Build.0 = Release|Any CPU
		{72697353-C16D-4C53-BD65-0231BCEB970E}.Debug|Any CPU.ActiveCfg = Debug|Any CPU
		{72697353-C16D-4C53-BD65-0231BCEB970E}.Debug|Any CPU.Build.0 = Debug|Any CPU
		{72697353-C16D-4C53-BD65-0231BCEB970E}.Release|Any CPU.ActiveCfg = Release|Any CPU
		{72697353-C16D-4C53-BD65-0231BCEB970E}.Release|Any CPU.Build.0 = Release|Any CPU
	EndGlobalSection
	GlobalSection(SolutionProperties) = preSolution
		HideSolutionNode = FALSE
	EndGlobalSection
	GlobalSection(ExtensibilityGlobals) = postSolution
		SolutionGuid = {3F779757-A84A-4C9B-8BC9-9B20D87AA7C0}
	EndGlobalSection
EndGlobal
